// !$*UTF8*$!
{
	archiveVersion = 1;
	classes = {
	};
	objectVersion = 50;
	objects = {

/* Begin PBXBuildFile section */
		8272D64820D89CFB0067A1BB /* AppDelegate.swift in Sources */ = {isa = PBXBuildFile; fileRef = 8272D64720D89CFB0067A1BB /* AppDelegate.swift */; };
		8272D64A20D89CFB0067A1BB /* MealViewController.swift in Sources */ = {isa = PBXBuildFile; fileRef = 8272D64920D89CFB0067A1BB /* MealViewController.swift */; };
		8272D64D20D89CFB0067A1BB /* Main.storyboard in Resources */ = {isa = PBXBuildFile; fileRef = 8272D64B20D89CFB0067A1BB /* Main.storyboard */; };
		8272D64F20D89CFD0067A1BB /* Assets.xcassets in Resources */ = {isa = PBXBuildFile; fileRef = 8272D64E20D89CFD0067A1BB /* Assets.xcassets */; };
		8272D65220D89CFD0067A1BB /* LaunchScreen.storyboard in Resources */ = {isa = PBXBuildFile; fileRef = 8272D65020D89CFD0067A1BB /* LaunchScreen.storyboard */; };
		8272D65B20D8FF520067A1BB /* RatingControl.swift in Sources */ = {isa = PBXBuildFile; fileRef = 8272D65A20D8FF520067A1BB /* RatingControl.swift */; };
		8272D68920DA6BF90067A1BB /* FoodTrackerTests.swift in Sources */ = {isa = PBXBuildFile; fileRef = 8272D68820DA6BF90067A1BB /* FoodTrackerTests.swift */; };
		8282E5FD20DB6121008D7879 /* Meal.swift in Sources */ = {isa = PBXBuildFile; fileRef = 8282E5FC20DB6121008D7879 /* Meal.swift */; };
		8282E5FF20DB62CF008D7879 /* MealTests.swift in Sources */ = {isa = PBXBuildFile; fileRef = 8282E5FE20DB62CF008D7879 /* MealTests.swift */; };
		8282E60420DB80F0008D7879 /* MealCell.swift in Sources */ = {isa = PBXBuildFile; fileRef = 8282E60320DB80F0008D7879 /* MealCell.swift */; };
		8282E60620DB869F008D7879 /* MealsViewController.swift in Sources */ = {isa = PBXBuildFile; fileRef = 8282E60520DB869F008D7879 /* MealsViewController.swift */; };
/* End PBXBuildFile section */

/* Begin PBXContainerItemProxy section */
		8272D68B20DA6BF90067A1BB /* PBXContainerItemProxy */ = {
			isa = PBXContainerItemProxy;
			containerPortal = 8272D63C20D89CFB0067A1BB /* Project object */;
			proxyType = 1;
			remoteGlobalIDString = 8272D64320D89CFB0067A1BB;
			remoteInfo = FoodTracker;
		};
/* End PBXContainerItemProxy section */

/* Begin PBXFileReference section */
		8272D64420D89CFB0067A1BB /* FoodTracker.app */ = {isa = PBXFileReference; explicitFileType = wrapper.application; includeInIndex = 0; path = FoodTracker.app; sourceTree = BUILT_PRODUCTS_DIR; };
		8272D64720D89CFB0067A1BB /* AppDelegate.swift */ = {isa = PBXFileReference; lastKnownFileType = sourcecode.swift; path = AppDelegate.swift; sourceTree = "<group>"; };
		8272D64920D89CFB0067A1BB /* MealViewController.swift */ = {isa = PBXFileReference; lastKnownFileType = sourcecode.swift; path = MealViewController.swift; sourceTree = "<group>"; };
		8272D64C20D89CFB0067A1BB /* Base */ = {isa = PBXFileReference; lastKnownFileType = file.storyboard; name = Base; path = Base.lproj/Main.storyboard; sourceTree = "<group>"; };
		8272D64E20D89CFD0067A1BB /* Assets.xcassets */ = {isa = PBXFileReference; lastKnownFileType = folder.assetcatalog; path = Assets.xcassets; sourceTree = "<group>"; };
		8272D65120D89CFD0067A1BB /* Base */ = {isa = PBXFileReference; lastKnownFileType = file.storyboard; name = Base; path = Base.lproj/LaunchScreen.storyboard; sourceTree = "<group>"; };
		8272D65320D89CFD0067A1BB /* Info.plist */ = {isa = PBXFileReference; lastKnownFileType = text.plist.xml; path = Info.plist; sourceTree = "<group>"; };
		8272D65A20D8FF520067A1BB /* RatingControl.swift */ = {isa = PBXFileReference; lastKnownFileType = sourcecode.swift; path = RatingControl.swift; sourceTree = "<group>"; };
		8272D68620DA6BF90067A1BB /* FoodTrackerTests.xctest */ = {isa = PBXFileReference; explicitFileType = wrapper.cfbundle; includeInIndex = 0; path = FoodTrackerTests.xctest; sourceTree = BUILT_PRODUCTS_DIR; };
		8272D68820DA6BF90067A1BB /* FoodTrackerTests.swift */ = {isa = PBXFileReference; lastKnownFileType = sourcecode.swift; path = FoodTrackerTests.swift; sourceTree = "<group>"; };
		8272D68A20DA6BF90067A1BB /* Info.plist */ = {isa = PBXFileReference; lastKnownFileType = text.plist.xml; path = Info.plist; sourceTree = "<group>"; };
		8282E5FC20DB6121008D7879 /* Meal.swift */ = {isa = PBXFileReference; lastKnownFileType = sourcecode.swift; path = Meal.swift; sourceTree = "<group>"; };
		8282E5FE20DB62CF008D7879 /* MealTests.swift */ = {isa = PBXFileReference; lastKnownFileType = sourcecode.swift; path = MealTests.swift; sourceTree = "<group>"; };
		8282E60320DB80F0008D7879 /* MealCell.swift */ = {isa = PBXFileReference; lastKnownFileType = sourcecode.swift; path = MealCell.swift; sourceTree = "<group>"; };
		8282E60520DB869F008D7879 /* MealsViewController.swift */ = {isa = PBXFileReference; lastKnownFileType = sourcecode.swift; path = MealsViewController.swift; sourceTree = "<group>"; };
/* End PBXFileReference section */

/* Begin PBXFrameworksBuildPhase section */
		8272D64120D89CFB0067A1BB /* Frameworks */ = {
			isa = PBXFrameworksBuildPhase;
			buildActionMask = 2147483647;
			files = (
			);
			runOnlyForDeploymentPostprocessing = 0;
		};
		8272D68320DA6BF90067A1BB /* Frameworks */ = {
			isa = PBXFrameworksBuildPhase;
			buildActionMask = 2147483647;
			files = (
			);
			runOnlyForDeploymentPostprocessing = 0;
		};
/* End PBXFrameworksBuildPhase section */

/* Begin PBXGroup section */
		820F5FB420DBAB6000738AED /* Extention */ = {
			isa = PBXGroup;
			children = (
			);
			path = Extention;
			sourceTree = "<group>";
		};
		8272D63B20D89CFB0067A1BB = {
			isa = PBXGroup;
			children = (
				8272D64620D89CFB0067A1BB /* FoodTracker */,
				8272D68720DA6BF90067A1BB /* FoodTrackerTests */,
				8272D64520D89CFB0067A1BB /* Products */,
			);
			sourceTree = "<group>";
		};
		8272D64520D89CFB0067A1BB /* Products */ = {
			isa = PBXGroup;
			children = (
				8272D64420D89CFB0067A1BB /* FoodTracker.app */,
				8272D68620DA6BF90067A1BB /* FoodTrackerTests.xctest */,
			);
			name = Products;
			sourceTree = "<group>";
		};
		8272D64620D89CFB0067A1BB /* FoodTracker */ = {
			isa = PBXGroup;
			children = (
				820F5FB420DBAB6000738AED /* Extention */,
				8282E60020DB8059008D7879 /* Cell */,
				8282E5FB20DB60E9008D7879 /* Model */,
				8272D65920D8FE2B0067A1BB /* UIControl */,
				8272D64720D89CFB0067A1BB /* AppDelegate.swift */,
				8272D64920D89CFB0067A1BB /* MealViewController.swift */,
				8272D64B20D89CFB0067A1BB /* Main.storyboard */,
				8272D64E20D89CFD0067A1BB /* Assets.xcassets */,
				8272D65020D89CFD0067A1BB /* LaunchScreen.storyboard */,
				8272D65320D89CFD0067A1BB /* Info.plist */,
				8282E60520DB869F008D7879 /* MealsViewController.swift */,
			);
			path = FoodTracker;
			sourceTree = "<group>";
		};
		8272D65920D8FE2B0067A1BB /* UIControl */ = {
			isa = PBXGroup;
			children = (
				8272D65A20D8FF520067A1BB /* RatingControl.swift */,
			);
			path = UIControl;
			sourceTree = "<group>";
		};
		8272D68720DA6BF90067A1BB /* FoodTrackerTests */ = {
			isa = PBXGroup;
			children = (
				8272D68820DA6BF90067A1BB /* FoodTrackerTests.swift */,
				8272D68A20DA6BF90067A1BB /* Info.plist */,
			);
			path = FoodTrackerTests;
			sourceTree = "<group>";
		};
		8282E5FB20DB60E9008D7879 /* Model */ = {
			isa = PBXGroup;
			children = (
				8282E5FC20DB6121008D7879 /* Meal.swift */,
				8282E5FE20DB62CF008D7879 /* MealTests.swift */,
			);
			path = Model;
			sourceTree = "<group>";
		};
		8282E60020DB8059008D7879 /* Cell */ = {
			isa = PBXGroup;
			children = (
				8282E60320DB80F0008D7879 /* MealCell.swift */,
			);
			path = Cell;
			sourceTree = "<group>";
		};
/* End PBXGroup section */

/* Begin PBXNativeTarget section */
		8272D64320D89CFB0067A1BB /* FoodTracker */ = {
			isa = PBXNativeTarget;
			buildConfigurationList = 8272D65620D89CFD0067A1BB /* Build configuration list for PBXNativeTarget "FoodTracker" */;
			buildPhases = (
				8272D64020D89CFB0067A1BB /* Sources */,
				8272D64120D89CFB0067A1BB /* Frameworks */,
				8272D64220D89CFB0067A1BB /* Resources */,
			);
			buildRules = (
			);
			dependencies = (
			);
			name = FoodTracker;
			productName = FoodTracker;
			productReference = 8272D64420D89CFB0067A1BB /* FoodTracker.app */;
			productType = "com.apple.product-type.application";
		};
		8272D68520DA6BF90067A1BB /* FoodTrackerTests */ = {
			isa = PBXNativeTarget;
			buildConfigurationList = 8272D68D20DA6BF90067A1BB /* Build configuration list for PBXNativeTarget "FoodTrackerTests" */;
			buildPhases = (
				8272D68220DA6BF90067A1BB /* Sources */,
				8272D68320DA6BF90067A1BB /* Frameworks */,
				8272D68420DA6BF90067A1BB /* Resources */,
			);
			buildRules = (
			);
			dependencies = (
				8272D68C20DA6BF90067A1BB /* PBXTargetDependency */,
			);
			name = FoodTrackerTests;
			productName = FoodTrackerTests;
			productReference = 8272D68620DA6BF90067A1BB /* FoodTrackerTests.xctest */;
			productType = "com.apple.product-type.bundle.unit-test";
		};
/* End PBXNativeTarget section */

/* Begin PBXProject section */
		8272D63C20D89CFB0067A1BB /* Project object */ = {
			isa = PBXProject;
			attributes = {
				LastSwiftUpdateCheck = 0940;
				LastUpgradeCheck = 0940;
				ORGANIZATIONNAME = KBTG;
				TargetAttributes = {
					8272D64320D89CFB0067A1BB = {
						CreatedOnToolsVersion = 9.4.1;
					};
					8272D68520DA6BF90067A1BB = {
						CreatedOnToolsVersion = 9.4.1;
						TestTargetID = 8272D64320D89CFB0067A1BB;
					};
				};
			};
			buildConfigurationList = 8272D63F20D89CFB0067A1BB /* Build configuration list for PBXProject "FoodTracker" */;
			compatibilityVersion = "Xcode 9.3";
			developmentRegion = en;
			hasScannedForEncodings = 0;
			knownRegions = (
				en,
				Base,
			);
			mainGroup = 8272D63B20D89CFB0067A1BB;
			productRefGroup = 8272D64520D89CFB0067A1BB /* Products */;
			projectDirPath = "";
			projectRoot = "";
			targets = (
				8272D64320D89CFB0067A1BB /* FoodTracker */,
				8272D68520DA6BF90067A1BB /* FoodTrackerTests */,
			);
		};
/* End PBXProject section */

/* Begin PBXResourcesBuildPhase section */
		8272D64220D89CFB0067A1BB /* Resources */ = {
			isa = PBXResourcesBuildPhase;
			buildActionMask = 2147483647;
			files = (
				8272D65220D89CFD0067A1BB /* LaunchScreen.storyboard in Resources */,
				8272D64F20D89CFD0067A1BB /* Assets.xcassets in Resources */,
				8272D64D20D89CFB0067A1BB /* Main.storyboard in Resources */,
			);
			runOnlyForDeploymentPostprocessing = 0;
		};
		8272D68420DA6BF90067A1BB /* Resources */ = {
			isa = PBXResourcesBuildPhase;
			buildActionMask = 2147483647;
			files = (
			);
			runOnlyForDeploymentPostprocessing = 0;
		};
/* End PBXResourcesBuildPhase section */

/* Begin PBXSourcesBuildPhase section */
		8272D64020D89CFB0067A1BB /* Sources */ = {
			isa = PBXSourcesBuildPhase;
			buildActionMask = 2147483647;
			files = (
				8282E60420DB80F0008D7879 /* MealCell.swift in Sources */,
				8282E5FD20DB6121008D7879 /* Meal.swift in Sources */,
				8272D64A20D89CFB0067A1BB /* MealViewController.swift in Sources */,
				8272D65B20D8FF520067A1BB /* RatingControl.swift in Sources */,
				8272D64820D89CFB0067A1BB /* AppDelegate.swift in Sources */,
				8282E60620DB869F008D7879 /* MealsViewController.swift in Sources */,
			);
			runOnlyForDeploymentPostprocessing = 0;
		};
		8272D68220DA6BF90067A1BB /* Sources */ = {
			isa = PBXSourcesBuildPhase;
			buildActionMask = 2147483647;
			files = (
				8282E5FF20DB62CF008D7879 /* MealTests.swift in Sources */,
				8272D68920DA6BF90067A1BB /* FoodTrackerTests.swift in Sources */,
			);
			runOnlyForDeploymentPostprocessing = 0;
		};
/* End PBXSourcesBuildPhase section */

/* Begin PBXTargetDependency section */
		8272D68C20DA6BF90067A1BB /* PBXTargetDependency */ = {
			isa = PBXTargetDependency;
			target = 8272D64320D89CFB0067A1BB /* FoodTracker */;
			targetProxy = 8272D68B20DA6BF90067A1BB /* PBXContainerItemProxy */;
		};
/* End PBXTargetDependency section */

/* Begin PBXVariantGroup section */
		8272D64B20D89CFB0067A1BB /* Main.storyboard */ = {
			isa = PBXVariantGroup;
			children = (
				8272D64C20D89CFB0067A1BB /* Base */,
			);
			name = Main.storyboard;
			sourceTree = "<group>";
		};
		8272D65020D89CFD0067A1BB /* LaunchScreen.storyboard */ = {
			isa = PBXVariantGroup;
			children = (
				8272D65120D89CFD0067A1BB /* Base */,
			);
			name = LaunchScreen.storyboard;
			sourceTree = "<group>";
		};
/* End PBXVariantGroup section */

/* Begin XCBuildConfiguration section */
		8272D65420D89CFD0067A1BB /* Debug */ = {
			isa = XCBuildConfiguration;
			buildSettings = {
				ALWAYS_SEARCH_USER_PATHS = NO;
				CLANG_ANALYZER_NONNULL = YES;
				CLANG_ANALYZER_NUMBER_OBJECT_CONVERSION = YES_AGGRESSIVE;
				CLANG_CXX_LANGUAGE_STANDARD = "gnu++14";
				CLANG_CXX_LIBRARY = "libc++";
				CLANG_ENABLE_MODULES = YES;
				CLANG_ENABLE_OBJC_ARC = YES;
				CLANG_ENABLE_OBJC_WEAK = YES;
				CLANG_WARN_BLOCK_CAPTURE_AUTORELEASING = YES;
				CLANG_WARN_BOOL_CONVERSION = YES;
				CLANG_WARN_COMMA = YES;
				CLANG_WARN_CONSTANT_CONVERSION = YES;
				CLANG_WARN_DEPRECATED_OBJC_IMPLEMENTATIONS = YES;
				CLANG_WARN_DIRECT_OBJC_ISA_USAGE = YES_ERROR;
				CLANG_WARN_DOCUMENTATION_COMMENTS = YES;
				CLANG_WARN_EMPTY_BODY = YES;
				CLANG_WARN_ENUM_CONVERSION = YES;
				CLANG_WARN_INFINITE_RECURSION = YES;
				CLANG_WARN_INT_CONVERSION = YES;
				CLANG_WARN_NON_LITERAL_NULL_CONVERSION = YES;
				CLANG_WARN_OBJC_IMPLICIT_RETAIN_SELF = YES;
				CLANG_WARN_OBJC_LITERAL_CONVERSION = YES;
				CLANG_WARN_OBJC_ROOT_CLASS = YES_ERROR;
				CLANG_WARN_RANGE_LOOP_ANALYSIS = YES;
				CLANG_WARN_STRICT_PROTOTYPES = YES;
				CLANG_WARN_SUSPICIOUS_MOVE = YES;
				CLANG_WARN_UNGUARDED_AVAILABILITY = YES_AGGRESSIVE;
				CLANG_WARN_UNREACHABLE_CODE = YES;
				CLANG_WARN__DUPLICATE_METHOD_MATCH = YES;
				CODE_SIGN_IDENTITY = "iPhone Developer";
				COPY_PHASE_STRIP = NO;
				DEBUG_INFORMATION_FORMAT = dwarf;
				ENABLE_STRICT_OBJC_MSGSEND = YES;
				ENABLE_TESTABILITY = YES;
				GCC_C_LANGUAGE_STANDARD = gnu11;
				GCC_DYNAMIC_NO_PIC = NO;
				GCC_NO_COMMON_BLOCKS = YES;
				GCC_OPTIMIZATION_LEVEL = 0;
				GCC_PREPROCESSOR_DEFINITIONS = (
					"DEBUG=1",
					"$(inherited)",
				);
				GCC_WARN_64_TO_32_BIT_CONVERSION = YES;
				GCC_WARN_ABOUT_RETURN_TYPE = YES_ERROR;
				GCC_WARN_UNDECLARED_SELECTOR = YES;
				GCC_WARN_UNINITIALIZED_AUTOS = YES_AGGRESSIVE;
				GCC_WARN_UNUSED_FUNCTION = YES;
				GCC_WARN_UNUSED_VARIABLE = YES;
				IPHONEOS_DEPLOYMENT_TARGET = 11.4;
				MTL_ENABLE_DEBUG_INFO = YES;
				ONLY_ACTIVE_ARCH = YES;
				SDKROOT = iphoneos;
				SWIFT_ACTIVE_COMPILATION_CONDITIONS = DEBUG;
				SWIFT_OPTIMIZATION_LEVEL = "-Onone";
			};
			name = Debug;
		};
		8272D65520D89CFD0067A1BB /* Release */ = {
			isa = XCBuildConfiguration;
			buildSettings = {
				ALWAYS_SEARCH_USER_PATHS = NO;
				CLANG_ANALYZER_NONNULL = YES;
				CLANG_ANALYZER_NUMBER_OBJECT_CONVERSION = YES_AGGRESSIVE;
				CLANG_CXX_LANGUAGE_STANDARD = "gnu++14";
				CLANG_CXX_LIBRARY = "libc++";
				CLANG_ENABLE_MODULES = YES;
				CLANG_ENABLE_OBJC_ARC = YES;
				CLANG_ENABLE_OBJC_WEAK = YES;
				CLANG_WARN_BLOCK_CAPTURE_AUTORELEASING = YES;
				CLANG_WARN_BOOL_CONVERSION = YES;
				CLANG_WARN_COMMA = YES;
				CLANG_WARN_CONSTANT_CONVERSION = YES;
				CLANG_WARN_DEPRECATED_OBJC_IMPLEMENTATIONS = YES;
				CLANG_WARN_DIRECT_OBJC_ISA_USAGE = YES_ERROR;
				CLANG_WARN_DOCUMENTATION_COMMENTS = YES;
				CLANG_WARN_EMPTY_BODY = YES;
				CLANG_WARN_ENUM_CONVERSION = YES;
				CLANG_WARN_INFINITE_RECURSION = YES;
				CLANG_WARN_INT_CONVERSION = YES;
				CLANG_WARN_NON_LITERAL_NULL_CONVERSION = YES;
				CLANG_WARN_OBJC_IMPLICIT_RETAIN_SELF = YES;
				CLANG_WARN_OBJC_LITERAL_CONVERSION = YES;
				CLANG_WARN_OBJC_ROOT_CLASS = YES_ERROR;
				CLANG_WARN_RANGE_LOOP_ANALYSIS = YES;
				CLANG_WARN_STRICT_PROTOTYPES = YES;
				CLANG_WARN_SUSPICIOUS_MOVE = YES;
				CLANG_WARN_UNGUARDED_AVAILABILITY = YES_AGGRESSIVE;
				CLANG_WARN_UNREACHABLE_CODE = YES;
				CLANG_WARN__DUPLICATE_METHOD_MATCH = YES;
				CODE_SIGN_IDENTITY = "iPhone Developer";
				COPY_PHASE_STRIP = NO;
				DEBUG_INFORMATION_FORMAT = "dwarf-with-dsym";
				ENABLE_NS_ASSERTIONS = NO;
				ENABLE_STRICT_OBJC_MSGSEND = YES;
				GCC_C_LANGUAGE_STANDARD = gnu11;
				GCC_NO_COMMON_BLOCKS = YES;
				GCC_WARN_64_TO_32_BIT_CONVERSION = YES;
				GCC_WARN_ABOUT_RETURN_TYPE = YES_ERROR;
				GCC_WARN_UNDECLARED_SELECTOR = YES;
				GCC_WARN_UNINITIALIZED_AUTOS = YES_AGGRESSIVE;
				GCC_WARN_UNUSED_FUNCTION = YES;
				GCC_WARN_UNUSED_VARIABLE = YES;
				IPHONEOS_DEPLOYMENT_TARGET = 11.4;
				MTL_ENABLE_DEBUG_INFO = NO;
				SDKROOT = iphoneos;
				SWIFT_COMPILATION_MODE = wholemodule;
				SWIFT_OPTIMIZATION_LEVEL = "-O";
				VALIDATE_PRODUCT = YES;
			};
			name = Release;
		};
		8272D65720D89CFD0067A1BB /* Debug */ = {
			isa = XCBuildConfiguration;
			buildSettings = {
				ASSETCATALOG_COMPILER_APPICON_NAME = AppIcon;
				CODE_SIGN_STYLE = Automatic;
				INFOPLIST_FILE = FoodTracker/Info.plist;
				LD_RUNPATH_SEARCH_PATHS = (
					"$(inherited)",
					"@executable_path/Frameworks",
				);
				PRODUCT_BUNDLE_IDENTIFIER = com.anun212.FoodTracker;
				PRODUCT_NAME = "$(TARGET_NAME)";
				SWIFT_VERSION = 4.0;
				TARGETED_DEVICE_FAMILY = "1,2";
			};
			name = Debug;
		};
		8272D65820D89CFD0067A1BB /* Release */ = {
			isa = XCBuildConfiguration;
			buildSettings = {
				ASSETCATALOG_COMPILER_APPICON_NAME = AppIcon;
				CODE_SIGN_STYLE = Automatic;
				INFOPLIST_FILE = FoodTracker/Info.plist;
				LD_RUNPATH_SEARCH_PATHS = (
					"$(inherited)",
					"@executable_path/Frameworks",
				);
				PRODUCT_BUNDLE_IDENTIFIER = com.anun212.FoodTracker;
				PRODUCT_NAME = "$(TARGET_NAME)";
				SWIFT_VERSION = 4.0;
				TARGETED_DEVICE_FAMILY = "1,2";
			};
			name = Release;
		};
		8272D68E20DA6BF90067A1BB /* Debug */ = {
			isa = XCBuildConfiguration;
			buildSettings = {
				BUNDLE_LOADER = "$(TEST_HOST)";
				CODE_SIGN_STYLE = Automatic;
				INFOPLIST_FILE = FoodTrackerTests/Info.plist;
				LD_RUNPATH_SEARCH_PATHS = (
					"$(inherited)",
					"@executable_path/Frameworks",
					"@loader_path/Frameworks",
				);
				PRODUCT_BUNDLE_IDENTIFIER = com.anun111.FoodTrackerTests;
				PRODUCT_NAME = "$(TARGET_NAME)";
				SWIFT_VERSION = 4.0;
				TARGETED_DEVICE_FAMILY = "1,2";
				TEST_HOST = "$(BUILT_PRODUCTS_DIR)/FoodTracker.app/FoodTracker";
			};
			name = Debug;
		};
		8272D68F20DA6BF90067A1BB /* Release */ = {
			isa = XCBuildConfiguration;
			buildSettings = {
				BUNDLE_LOADER = "$(TEST_HOST)";
				CODE_SIGN_STYLE = Automatic;
				INFOPLIST_FILE = FoodTrackerTests/Info.plist;
				LD_RUNPATH_SEARCH_PATHS = (
					"$(inherited)",
					"@executable_path/Frameworks",
					"@loader_path/Frameworks",
				);
				PRODUCT_BUNDLE_IDENTIFIER = com.anun111.FoodTrackerTests;
				PRODUCT_NAME = "$(TARGET_NAME)";
				SWIFT_VERSION = 4.0;
				TARGETED_DEVICE_FAMILY = "1,2";
				TEST_HOST = "$(BUILT_PRODUCTS_DIR)/FoodTracker.app/FoodTracker";
			};
			name = Release;
		};
/* End XCBuildConfiguration section */

/* Begin XCConfigurationList section */
		8272D63F20D89CFB0067A1BB /* Build configuration list for PBXProject "FoodTracker" */ = {
			isa = XCConfigurationList;
			buildConfigurations = (
				8272D65420D89CFD0067A1BB /* Debug */,
				8272D65520D89CFD0067A1BB /* Release */,
			);
			defaultConfigurationIsVisible = 0;
			defaultConfigurationName = Release;
		};
		8272D65620D89CFD0067A1BB /* Build configuration list for PBXNativeTarget "FoodTracker" */ = {
			isa = XCConfigurationList;
			buildConfigurations = (
				8272D65720D89CFD0067A1BB /* Debug */,
				8272D65820D89CFD0067A1BB /* Release */,
			);
			defaultConfigurationIsVisible = 0;
			defaultConfigurationName = Release;
		};
		8272D68D20DA6BF90067A1BB /* Build configuration list for PBXNativeTarget "FoodTrackerTests" */ = {
			isa = XCConfigurationList;
			buildConfigurations = (
				8272D68E20DA6BF90067A1BB /* Debug */,
				8272D68F20DA6BF90067A1BB /* Release */,
			);
			defaultConfigurationIsVisible = 0;
			defaultConfigurationName = Release;
		};
/* End XCConfigurationList section */
	};
	rootObject = 8272D63C20D89CFB0067A1BB /* Project object */;
}
